
Microsoft Visual Studio Solution File, Format Version 12.00
# Visual Studio Version 17
VisualStudioVersion = 17.3.32825.248
MinimumVisualStudioVersion = 10.0.40219.1
Project("{2150E333-8FDC-42A3-9474-1A3956D46DE8}") = "Core", "Core", "{1360A454-C510-4662-AB89-09A0DFC4E341}"
EndProject
Project("{2150E333-8FDC-42A3-9474-1A3956D46DE8}") = "Infrastructure", "Infrastructure", "{C0E9E71B-B92E-41DB-9D54-EBB3ED0D4E1B}"
EndProject
Project("{2150E333-8FDC-42A3-9474-1A3956D46DE8}") = "Presentation", "Presentation", "{B03656C2-783E-4737-983D-B00DBC1ABB7E}"
EndProject
Project("{2150E333-8FDC-42A3-9474-1A3956D46DE8}") = "Data", "Data", "{E05FC7A8-D91B-4C70-8C99-B2537D122415}"
EndProject
Project("{2150E333-8FDC-42A3-9474-1A3956D46DE8}") = "Services", "Services", "{E252868C-948E-4D01-93BB-11E260CE78E4}"
EndProject
Project("{9A19103F-16F7-4668-BE54-9A1E7A4F7556}") = "OneDotLearnCore", "Core\OneDotLearnCore\OneDotLearnCore.csproj", "{F999A670-3FD3-4E07-8D93-D98FDCE0088B}"
EndProject
Project("{9A19103F-16F7-4668-BE54-9A1E7A4F7556}") = "OneDotLearnData", "Infrastructure\Data\OneDotLearnData\OneDotLearnData.csproj", "{92E13400-A9A1-4BC6-810A-72A823D7CB5C}"
EndProject
Project("{9A19103F-16F7-4668-BE54-9A1E7A4F7556}") = "OneDotLearnDataDummy", "Infrastructure\Data\OneDotLearnDataDummy\OneDotLearnDataDummy.csproj", "{1A92540A-1240-4354-863D-253F7087ACC4}"
EndProject
Project("{9A19103F-16F7-4668-BE54-9A1E7A4F7556}") = "LoggerService", "Infrastructure\Services\LoggerService\LoggerService.csproj", "{F83A34E4-6F06-4C7A-A50E-5A44494EB01E}"
EndProject
Project("{9A19103F-16F7-4668-BE54-9A1E7A4F7556}") = "SecurityService", "Infrastructure\Services\SecurityService\SecurityService.csproj", "{F76BF45B-B90B-47A5-8B3A-BAC9722E54AA}"
EndProject
Project("{9A19103F-16F7-4668-BE54-9A1E7A4F7556}") = "FinancialsService", "Infrastructure\Services\FinancialsService\FinancialsService.csproj", "{CF77D08B-E7EF-4CBD-AF0D-E82034EFD2D4}"
EndProject
Project("{2150E333-8FDC-42A3-9474-1A3956D46DE8}") = "Web", "Web", "{A4E27520-C01F-48A7-8B22-511679510B35}"
EndProject
Project("{2150E333-8FDC-42A3-9474-1A3956D46DE8}") = "Mobile", "Mobile", "{11D41735-B075-4E79-AEDF-8A93EE29D384}"
EndProject
Project("{9A19103F-16F7-4668-BE54-9A1E7A4F7556}") = "PeopleService", "Infrastructure\Services\PeopleService\PeopleService.csproj", "{B43C6BED-F06E-4295-8F35-8A561E7A96EA}"
EndProject
Project("{9A19103F-16F7-4668-BE54-9A1E7A4F7556}") = "TrainingService", "Infrastructure\Services\TrainingService\TrainingService.csproj", "{CAE9A5BA-8EE8-45FB-857A-D5FA3AF37828}"
EndProject
Project("{9A19103F-16F7-4668-BE54-9A1E7A4F7556}") = "BlogService", "Infrastructure\Services\BlogService\BlogService.csproj", "{57E21B49-838E-433F-8A7F-00E2075D2DFC}"
EndProject
Project("{9A19103F-16F7-4668-BE54-9A1E7A4F7556}") = "SearcherService", "Infrastructure\Services\SearcherService\SearcherService.csproj", "{56C3C3DB-485F-4C0C-B769-2AA11D71FCBD}"
EndProject
Project("{2150E333-8FDC-42A3-9474-1A3956D46DE8}") = "Attic", "Attic", "{CCA01332-B4A4-4F2C-8C7F-A6290FE60F77}"
EndProject
Project("{9A19103F-16F7-4668-BE54-9A1E7A4F7556}") = "TestDataSeeding", "Attic\TestDataSeeding\TestDataSeeding.csproj", "{B1252DC1-439A-4AE8-A966-F7EEE153B0A2}"
EndProject
Project("{9A19103F-16F7-4668-BE54-9A1E7A4F7556}") = "WebPasswordHasher", "Attic\WebPasswordHasher\WebPasswordHasher.csproj", "{0513E7FC-2179-4182-B4F6-A5DD8E2387D9}"
EndProject
Project("{2150E333-8FDC-42A3-9474-1A3956D46DE8}") = "Tests", "Tests", "{6DDFFB63-A575-4357-9788-FA8D6D67F16C}"
EndProject
Project("{9A19103F-16F7-4668-BE54-9A1E7A4F7556}") = "SecurityServiceTests", "Infrastructure\Services\Tests\SecurityServiceTests\SecurityServiceTests.csproj", "{E636F462-B697-4F75-BAF8-CA1577DD538F}"
EndProject
Project("{9A19103F-16F7-4668-BE54-9A1E7A4F7556}") = "BlazorTest5", "Attic\BlazorTest5\BlazorTest5.csproj", "{F8EA5E01-4704-44F4-AB01-B8F155A398A9}"
EndProject
Project("{9A19103F-16F7-4668-BE54-9A1E7A4F7556}") = "OneDotLearnWebApp", "Presentation\Web\OneDotLearnWebApp\OneDotLearnWebApp.csproj", "{8741D602-91DA-4BAE-9692-EBF0C096DE74}"
EndProject
Project("{FAE04EC0-301F-11D3-BF4B-00C04F79EFBC}") = "ForSimpleTest", "Attic\ForSimpleTest\ForSimpleTest.csproj", "{54D0B1B4-4CC6-4B76-92C7-C69E48C46B02}"
EndProject
Project("{2150E333-8FDC-42A3-9474-1A3956D46DE8}") = "Documents", "Documents", "{0910E479-14F0-4F95-B676-6283EFBB50D2}"
	ProjectSection(SolutionItems) = preProject
		README.md = README.md
		Documents\Remaining Features.txt = Documents\Remaining Features.txt
	EndProjectSection
EndProject
Project("{FAE04EC0-301F-11D3-BF4B-00C04F79EFBC}") = "DataSeeder", "Attic\DataSeeder\DataSeeder.csproj", "{AB710D72-0469-43DC-A774-9FFAF5351B46}"
EndProject
Project("{FAE04EC0-301F-11D3-BF4B-00C04F79EFBC}") = "WDataSeeder", "Attic\WDataSeeder\WDataSeeder.csproj", "{1E34519B-CAD5-4FFF-8EB2-6484EC105C29}"
EndProject
Global
	GlobalSection(SolutionConfigurationPlatforms) = preSolution
		Debug|Any CPU = Debug|Any CPU
		Release|Any CPU = Release|Any CPU
	EndGlobalSection
	GlobalSection(ProjectConfigurationPlatforms) = postSolution
		{F999A670-3FD3-4E07-8D93-D98FDCE0088B}.Debug|Any CPU.ActiveCfg = Debug|Any CPU
		{F999A670-3FD3-4E07-8D93-D98FDCE0088B}.Debug|Any CPU.Build.0 = Debug|Any CPU
		{F999A670-3FD3-4E07-8D93-D98FDCE0088B}.Release|Any CPU.ActiveCfg = Release|Any CPU
		{F999A670-3FD3-4E07-8D93-D98FDCE0088B}.Release|Any CPU.Build.0 = Release|Any CPU
		{92E13400-A9A1-4BC6-810A-72A823D7CB5C}.Debug|Any CPU.ActiveCfg = Debug|Any CPU
		{92E13400-A9A1-4BC6-810A-72A823D7CB5C}.Debug|Any CPU.Build.0 = Debug|Any CPU
		{92E13400-A9A1-4BC6-810A-72A823D7CB5C}.Release|Any CPU.ActiveCfg = Release|Any CPU
		{92E13400-A9A1-4BC6-810A-72A823D7CB5C}.Release|Any CPU.Build.0 = Release|Any CPU
		{1A92540A-1240-4354-863D-253F7087ACC4}.Debug|Any CPU.ActiveCfg = Debug|Any CPU
		{1A92540A-1240-4354-863D-253F7087ACC4}.Debug|Any CPU.Build.0 = Debug|Any CPU
		{1A92540A-1240-4354-863D-253F7087ACC4}.Release|Any CPU.ActiveCfg = Release|Any CPU
		{1A92540A-1240-4354-863D-253F7087ACC4}.Release|Any CPU.Build.0 = Release|Any CPU
		{F83A34E4-6F06-4C7A-A50E-5A44494EB01E}.Debug|Any CPU.ActiveCfg = Debug|Any CPU
		{F83A34E4-6F06-4C7A-A50E-5A44494EB01E}.Debug|Any CPU.Build.0 = Debug|Any CPU
		{F83A34E4-6F06-4C7A-A50E-5A44494EB01E}.Release|Any CPU.ActiveCfg = Release|Any CPU
		{F83A34E4-6F06-4C7A-A50E-5A44494EB01E}.Release|Any CPU.Build.0 = Release|Any CPU
		{F76BF45B-B90B-47A5-8B3A-BAC9722E54AA}.Debug|Any CPU.ActiveCfg = Debug|Any CPU
		{F76BF45B-B90B-47A5-8B3A-BAC9722E54AA}.Debug|Any CPU.Build.0 = Debug|Any CPU
		{F76BF45B-B90B-47A5-8B3A-BAC9722E54AA}.Release|Any CPU.ActiveCfg = Release|Any CPU
		{F76BF45B-B90B-47A5-8B3A-BAC9722E54AA}.Release|Any CPU.Build.0 = Release|Any CPU
		{CF77D08B-E7EF-4CBD-AF0D-E82034EFD2D4}.Debug|Any CPU.ActiveCfg = Debug|Any CPU
		{CF77D08B-E7EF-4CBD-AF0D-E82034EFD2D4}.Debug|Any CPU.Build.0 = Debug|Any CPU
		{CF77D08B-E7EF-4CBD-AF0D-E82034EFD2D4}.Release|Any CPU.ActiveCfg = Release|Any CPU
		{CF77D08B-E7EF-4CBD-AF0D-E82034EFD2D4}.Release|Any CPU.Build.0 = Release|Any CPU
		{B43C6BED-F06E-4295-8F35-8A561E7A96EA}.Debug|Any CPU.ActiveCfg = Debug|Any CPU
		{B43C6BED-F06E-4295-8F35-8A561E7A96EA}.Debug|Any CPU.Build.0 = Debug|Any CPU
		{B43C6BED-F06E-4295-8F35-8A561E7A96EA}.Release|Any CPU.ActiveCfg = Release|Any CPU
		{B43C6BED-F06E-4295-8F35-8A561E7A96EA}.Release|Any CPU.Build.0 = Release|Any CPU
		{CAE9A5BA-8EE8-45FB-857A-D5FA3AF37828}.Debug|Any CPU.ActiveCfg = Debug|Any CPU
		{CAE9A5BA-8EE8-45FB-857A-D5FA3AF37828}.Debug|Any CPU.Build.0 = Debug|Any CPU
		{CAE9A5BA-8EE8-45FB-857A-D5FA3AF37828}.Release|Any CPU.ActiveCfg = Release|Any CPU
		{CAE9A5BA-8EE8-45FB-857A-D5FA3AF37828}.Release|Any CPU.Build.0 = Release|Any CPU
		{57E21B49-838E-433F-8A7F-00E2075D2DFC}.Debug|Any CPU.ActiveCfg = Debug|Any CPU
		{57E21B49-838E-433F-8A7F-00E2075D2DFC}.Debug|Any CPU.Build.0 = Debug|Any CPU
		{57E21B49-838E-433F-8A7F-00E2075D2DFC}.Release|Any CPU.ActiveCfg = Release|Any CPU
		{57E21B49-838E-433F-8A7F-00E2075D2DFC}.Release|Any CPU.Build.0 = Release|Any CPU
		{56C3C3DB-485F-4C0C-B769-2AA11D71FCBD}.Debug|Any CPU.ActiveCfg = Debug|Any CPU
		{56C3C3DB-485F-4C0C-B769-2AA11D71FCBD}.Debug|Any CPU.Build.0 = Debug|Any CPU
		{56C3C3DB-485F-4C0C-B769-2AA11D71FCBD}.Release|Any CPU.ActiveCfg = Release|Any CPU
		{56C3C3DB-485F-4C0C-B769-2AA11D71FCBD}.Release|Any CPU.Build.0 = Release|Any CPU
		{B1252DC1-439A-4AE8-A966-F7EEE153B0A2}.Debug|Any CPU.ActiveCfg = Debug|Any CPU
		{B1252DC1-439A-4AE8-A966-F7EEE153B0A2}.Debug|Any CPU.Build.0 = Debug|Any CPU
		{B1252DC1-439A-4AE8-A966-F7EEE153B0A2}.Release|Any CPU.ActiveCfg = Release|Any CPU
		{B1252DC1-439A-4AE8-A966-F7EEE153B0A2}.Release|Any CPU.Build.0 = Release|Any CPU
		{0513E7FC-2179-4182-B4F6-A5DD8E2387D9}.Debug|Any CPU.ActiveCfg = Debug|Any CPU
		{0513E7FC-2179-4182-B4F6-A5DD8E2387D9}.Debug|Any CPU.Build.0 = Debug|Any CPU
		{0513E7FC-2179-4182-B4F6-A5DD8E2387D9}.Release|Any CPU.ActiveCfg = Release|Any CPU
		{0513E7FC-2179-4182-B4F6-A5DD8E2387D9}.Release|Any CPU.Build.0 = Release|Any CPU
		{E636F462-B697-4F75-BAF8-CA1577DD538F}.Debug|Any CPU.ActiveCfg = Debug|Any CPU
		{E636F462-B697-4F75-BAF8-CA1577DD538F}.Debug|Any CPU.Build.0 = Debug|Any CPU
		{E636F462-B697-4F75-BAF8-CA1577DD538F}.Release|Any CPU.ActiveCfg = Release|Any CPU
		{E636F462-B697-4F75-BAF8-CA1577DD538F}.Release|Any CPU.Build.0 = Release|Any CPU
		{F8EA5E01-4704-44F4-AB01-B8F155A398A9}.Debug|Any CPU.ActiveCfg = Debug|Any CPU
		{F8EA5E01-4704-44F4-AB01-B8F155A398A9}.Debug|Any CPU.Build.0 = Debug|Any CPU
		{F8EA5E01-4704-44F4-AB01-B8F155A398A9}.Release|Any CPU.ActiveCfg = Release|Any CPU
		{F8EA5E01-4704-44F4-AB01-B8F155A398A9}.Release|Any CPU.Build.0 = Release|Any CPU
		{8741D602-91DA-4BAE-9692-EBF0C096DE74}.Debug|Any CPU.ActiveCfg = Debug|Any CPU
		{8741D602-91DA-4BAE-9692-EBF0C096DE74}.Debug|Any CPU.Build.0 = Debug|Any CPU
		{8741D602-91DA-4BAE-9692-EBF0C096DE74}.Release|Any CPU.ActiveCfg = Release|Any CPU
		{8741D602-91DA-4BAE-9692-EBF0C096DE74}.Release|Any CPU.Build.0 = Release|Any CPU
		{54D0B1B4-4CC6-4B76-92C7-C69E48C46B02}.Debug|Any CPU.ActiveCfg = Debug|Any CPU
		{54D0B1B4-4CC6-4B76-92C7-C69E48C46B02}.Debug|Any CPU.Build.0 = Debug|Any CPU
		{54D0B1B4-4CC6-4B76-92C7-C69E48C46B02}.Release|Any CPU.ActiveCfg = Release|Any CPU
		{54D0B1B4-4CC6-4B76-92C7-C69E48C46B02}.Release|Any CPU.Build.0 = Release|Any CPU
		{AB710D72-0469-43DC-A774-9FFAF5351B46}.Debug|Any CPU.ActiveCfg = Debug|Any CPU
		{AB710D72-0469-43DC-A774-9FFAF5351B46}.Debug|Any CPU.Build.0 = Debug|Any CPU
		{AB710D72-0469-43DC-A774-9FFAF5351B46}.Release|Any CPU.ActiveCfg = Release|Any CPU
		{AB710D72-0469-43DC-A774-9FFAF5351B46}.Release|Any CPU.Build.0 = Release|Any CPU
		{1E34519B-CAD5-4FFF-8EB2-6484EC105C29}.Debug|Any CPU.ActiveCfg = Debug|Any CPU
		{1E34519B-CAD5-4FFF-8EB2-6484EC105C29}.Debug|Any CPU.Build.0 = Debug|Any CPU
		{1E34519B-CAD5-4FFF-8EB2-6484EC105C29}.Release|Any CPU.ActiveCfg = Release|Any CPU
		{1E34519B-CAD5-4FFF-8EB2-6484EC105C29}.Release|Any CPU.Build.0 = Release|Any CPU
	EndGlobalSection
	GlobalSection(SolutionProperties) = preSolution
		HideSolutionNode = FALSE
	EndGlobalSection
	GlobalSection(NestedProjects) = preSolution
		{E05FC7A8-D91B-4C70-8C99-B2537D122415} = {C0E9E71B-B92E-41DB-9D54-EBB3ED0D4E1B}
		{E252868C-948E-4D01-93BB-11E260CE78E4} = {C0E9E71B-B92E-41DB-9D54-EBB3ED0D4E1B}
		{F999A670-3FD3-4E07-8D93-D98FDCE0088B} = {1360A454-C510-4662-AB89-09A0DFC4E341}
		{92E13400-A9A1-4BC6-810A-72A823D7CB5C} = {E05FC7A8-D91B-4C70-8C99-B2537D122415}
		{1A92540A-1240-4354-863D-253F7087ACC4} = {E05FC7A8-D91B-4C70-8C99-B2537D122415}
		{F83A34E4-6F06-4C7A-A50E-5A44494EB01E} = {E252868C-948E-4D01-93BB-11E260CE78E4}
		{F76BF45B-B90B-47A5-8B3A-BAC9722E54AA} = {E252868C-948E-4D01-93BB-11E260CE78E4}
		{CF77D08B-E7EF-4CBD-AF0D-E82034EFD2D4} = {E252868C-948E-4D01-93BB-11E260CE78E4}
		{A4E27520-C01F-48A7-8B22-511679510B35} = {B03656C2-783E-4737-983D-B00DBC1ABB7E}
		{11D41735-B075-4E79-AEDF-8A93EE29D384} = {B03656C2-783E-4737-983D-B00DBC1ABB7E}
		{B43C6BED-F06E-4295-8F35-8A561E7A96EA} = {E252868C-948E-4D01-93BB-11E260CE78E4}
		{CAE9A5BA-8EE8-45FB-857A-D5FA3AF37828} = {E252868C-948E-4D01-93BB-11E260CE78E4}
		{57E21B49-838E-433F-8A7F-00E2075D2DFC} = {E252868C-948E-4D01-93BB-11E260CE78E4}
		{56C3C3DB-485F-4C0C-B769-2AA11D71FCBD} = {E252868C-948E-4D01-93BB-11E260CE78E4}
		{B1252DC1-439A-4AE8-A966-F7EEE153B0A2} = {CCA01332-B4A4-4F2C-8C7F-A6290FE60F77}
		{0513E7FC-2179-4182-B4F6-A5DD8E2387D9} = {CCA01332-B4A4-4F2C-8C7F-A6290FE60F77}
		{6DDFFB63-A575-4357-9788-FA8D6D67F16C} = {E252868C-948E-4D01-93BB-11E260CE78E4}
		{E636F462-B697-4F75-BAF8-CA1577DD538F} = {6DDFFB63-A575-4357-9788-FA8D6D67F16C}
		{F8EA5E01-4704-44F4-AB01-B8F155A398A9} = {CCA01332-B4A4-4F2C-8C7F-A6290FE60F77}
		{8741D602-91DA-4BAE-9692-EBF0C096DE74} = {A4E27520-C01F-48A7-8B22-511679510B35}
		{54D0B1B4-4CC6-4B76-92C7-C69E48C46B02} = {CCA01332-B4A4-4F2C-8C7F-A6290FE60F77}
		{AB710D72-0469-43DC-A774-9FFAF5351B46} = {CCA01332-B4A4-4F2C-8C7F-A6290FE60F77}
		{1E34519B-CAD5-4FFF-8EB2-6484EC105C29} = {CCA01332-B4A4-4F2C-8C7F-A6290FE60F77}
	EndGlobalSection
	GlobalSection(ExtensibilityGlobals) = postSolution
		SolutionGuid = {3E9F1771-4AF1-4FA0-A684-C5848F27FFCB}
	EndGlobalSection
EndGlobal
